// !$*UTF8*$!
{
	archiveVersion = 1;
	classes = {
	};
	objectVersion = 56;
	objects = {

/* Begin PBXBuildFile section */
		27B772CD2A725EB900C593D9 /* AppDelegate.swift in Sources */ = {isa = PBXBuildFile; fileRef = 27B772CC2A725EB900C593D9 /* AppDelegate.swift */; };
		27B772CF2A725EB900C593D9 /* SceneDelegate.swift in Sources */ = {isa = PBXBuildFile; fileRef = 27B772CE2A725EB900C593D9 /* SceneDelegate.swift */; };
		27B772D42A725EB900C593D9 /* Main.storyboard in Resources */ = {isa = PBXBuildFile; fileRef = 27B772D22A725EB900C593D9 /* Main.storyboard */; };
		27B772D62A725EB900C593D9 /* Assets.xcassets in Resources */ = {isa = PBXBuildFile; fileRef = 27B772D52A725EB900C593D9 /* Assets.xcassets */; };
		27B772D92A725EB900C593D9 /* LaunchScreen.storyboard in Resources */ = {isa = PBXBuildFile; fileRef = 27B772D72A725EB900C593D9 /* LaunchScreen.storyboard */; };
		27B772E12A725F6900C593D9 /* FilmTableViewController.swift in Sources */ = {isa = PBXBuildFile; fileRef = 27B772E02A725F6900C593D9 /* FilmTableViewController.swift */; };
		27B772E42A725FBA00C593D9 /* RollViewController.swift in Sources */ = {isa = PBXBuildFile; fileRef = 27B772E32A725FBA00C593D9 /* RollViewController.swift */; };
		27B772E62A725FD600C593D9 /* FeaturesTableViewController.swift in Sources */ = {isa = PBXBuildFile; fileRef = 27B772E52A725FD600C593D9 /* FeaturesTableViewController.swift */; };
		27B772E82A725FF600C593D9 /* FilmTableViewCell.swift in Sources */ = {isa = PBXBuildFile; fileRef = 27B772E72A725FF600C593D9 /* FilmTableViewCell.swift */; };
		27B772EA2A72601F00C593D9 /* FeatureTableViewCell.swift in Sources */ = {isa = PBXBuildFile; fileRef = 27B772E92A72601F00C593D9 /* FeatureTableViewCell.swift */; };
		27B772EC2A72603D00C593D9 /* FilmViewModel.swift in Sources */ = {isa = PBXBuildFile; fileRef = 27B772EB2A72603D00C593D9 /* FilmViewModel.swift */; };
		27B772EF2A72608A00C593D9 /* NetworkManager.swift in Sources */ = {isa = PBXBuildFile; fileRef = 27B772EE2A72608A00C593D9 /* NetworkManager.swift */; };
		27B772F22A7260BF00C593D9 /* RollModel.swift in Sources */ = {isa = PBXBuildFile; fileRef = 27B772F12A7260BF00C593D9 /* RollModel.swift */; };
		27B772F42A7260DB00C593D9 /* RollData.swift in Sources */ = {isa = PBXBuildFile; fileRef = 27B772F32A7260DB00C593D9 /* RollData.swift */; };
		27B772F72A72618600C593D9 /* FilmTableViewCell.xib in Resources */ = {isa = PBXBuildFile; fileRef = 27B772F52A72618600C593D9 /* FilmTableViewCell.xib */; };
		27B772F82A72618600C593D9 /* FeatureTableViewCell.xib in Resources */ = {isa = PBXBuildFile; fileRef = 27B772F62A72618600C593D9 /* FeatureTableViewCell.xib */; };
/* End PBXBuildFile section */

/* Begin PBXFileReference section */
		27B772C92A725EB900C593D9 /* FilmRolls.app */ = {isa = PBXFileReference; explicitFileType = wrapper.application; includeInIndex = 0; path = FilmRolls.app; sourceTree = BUILT_PRODUCTS_DIR; };
		27B772CC2A725EB900C593D9 /* AppDelegate.swift */ = {isa = PBXFileReference; lastKnownFileType = sourcecode.swift; path = AppDelegate.swift; sourceTree = "<group>"; };
		27B772CE2A725EB900C593D9 /* SceneDelegate.swift */ = {isa = PBXFileReference; lastKnownFileType = sourcecode.swift; path = SceneDelegate.swift; sourceTree = "<group>"; };
		27B772D32A725EB900C593D9 /* Base */ = {isa = PBXFileReference; lastKnownFileType = file.storyboard; name = Base; path = Base.lproj/Main.storyboard; sourceTree = "<group>"; };
		27B772D52A725EB900C593D9 /* Assets.xcassets */ = {isa = PBXFileReference; lastKnownFileType = folder.assetcatalog; path = Assets.xcassets; sourceTree = "<group>"; };
		27B772D82A725EB900C593D9 /* Base */ = {isa = PBXFileReference; lastKnownFileType = file.storyboard; name = Base; path = Base.lproj/LaunchScreen.storyboard; sourceTree = "<group>"; };
		27B772DA2A725EB900C593D9 /* Info.plist */ = {isa = PBXFileReference; lastKnownFileType = text.plist.xml; path = Info.plist; sourceTree = "<group>"; };
		27B772E02A725F6900C593D9 /* FilmTableViewController.swift */ = {isa = PBXFileReference; lastKnownFileType = sourcecode.swift; path = FilmTableViewController.swift; sourceTree = "<group>"; };
		27B772E32A725FBA00C593D9 /* RollViewController.swift */ = {isa = PBXFileReference; lastKnownFileType = sourcecode.swift; path = RollViewController.swift; sourceTree = "<group>"; };
		27B772E52A725FD600C593D9 /* FeaturesTableViewController.swift */ = {isa = PBXFileReference; lastKnownFileType = sourcecode.swift; path = FeaturesTableViewController.swift; sourceTree = "<group>"; };
		27B772E72A725FF600C593D9 /* FilmTableViewCell.swift */ = {isa = PBXFileReference; lastKnownFileType = sourcecode.swift; path = FilmTableViewCell.swift; sourceTree = "<group>"; };
		27B772E92A72601F00C593D9 /* FeatureTableViewCell.swift */ = {isa = PBXFileReference; lastKnownFileType = sourcecode.swift; path = FeatureTableViewCell.swift; sourceTree = "<group>"; };
		27B772EB2A72603D00C593D9 /* FilmViewModel.swift */ = {isa = PBXFileReference; lastKnownFileType = sourcecode.swift; path = FilmViewModel.swift; sourceTree = "<group>"; };
		27B772EE2A72608A00C593D9 /* NetworkManager.swift */ = {isa = PBXFileReference; lastKnownFileType = sourcecode.swift; path = NetworkManager.swift; sourceTree = "<group>"; };
		27B772F12A7260BF00C593D9 /* RollModel.swift */ = {isa = PBXFileReference; lastKnownFileType = sourcecode.swift; path = RollModel.swift; sourceTree = "<group>"; };
		27B772F32A7260DB00C593D9 /* RollData.swift */ = {isa = PBXFileReference; lastKnownFileType = sourcecode.swift; path = RollData.swift; sourceTree = "<group>"; };
		27B772F52A72618600C593D9 /* FilmTableViewCell.xib */ = {isa = PBXFileReference; fileEncoding = 4; lastKnownFileType = file.xib; path = FilmTableViewCell.xib; sourceTree = "<group>"; };
		27B772F62A72618600C593D9 /* FeatureTableViewCell.xib */ = {isa = PBXFileReference; fileEncoding = 4; lastKnownFileType = file.xib; path = FeatureTableViewCell.xib; sourceTree = "<group>"; };
/* End PBXFileReference section */

/* Begin PBXFrameworksBuildPhase section */
		27B772C62A725EB900C593D9 /* Frameworks */ = {
			isa = PBXFrameworksBuildPhase;
			buildActionMask = 2147483647;
			files = (
			);
			runOnlyForDeploymentPostprocessing = 0;
		};
/* End PBXFrameworksBuildPhase section */

/* Begin PBXGroup section */
		27B772C02A725EB900C593D9 = {
			isa = PBXGroup;
			children = (
				27B772CB2A725EB900C593D9 /* FilmRolls */,
				27B772CA2A725EB900C593D9 /* Products */,
			);
			sourceTree = "<group>";
		};
		27B772CA2A725EB900C593D9 /* Products */ = {
			isa = PBXGroup;
			children = (
				27B772C92A725EB900C593D9 /* FilmRolls.app */,
			);
			name = Products;
			sourceTree = "<group>";
		};
		27B772CB2A725EB900C593D9 /* FilmRolls */ = {
			isa = PBXGroup;
			children = (
				27B772CC2A725EB900C593D9 /* AppDelegate.swift */,
				27B772CE2A725EB900C593D9 /* SceneDelegate.swift */,
				27B772E22A725F9200C593D9 /* View */,
				27B772ED2A72605B00C593D9 /* ViewModel */,
				27B772F02A7260A500C593D9 /* Model */,
				27B772D22A725EB900C593D9 /* Main.storyboard */,
				27B772F62A72618600C593D9 /* FeatureTableViewCell.xib */,
				27B772F52A72618600C593D9 /* FilmTableViewCell.xib */,
				27B772D72A725EB900C593D9 /* LaunchScreen.storyboard */,
				27B772D52A725EB900C593D9 /* Assets.xcassets */,
				27B772DA2A725EB900C593D9 /* Info.plist */,
			);
			path = FilmRolls;
			sourceTree = "<group>";
		};
		27B772E22A725F9200C593D9 /* View */ = {
			isa = PBXGroup;
			children = (
				27B772E02A725F6900C593D9 /* FilmTableViewController.swift */,
				27B772E32A725FBA00C593D9 /* RollViewController.swift */,
				27B772E52A725FD600C593D9 /* FeaturesTableViewController.swift */,
				27B772E72A725FF600C593D9 /* FilmTableViewCell.swift */,
				27B772E92A72601F00C593D9 /* FeatureTableViewCell.swift */,
			);
			path = View;
			sourceTree = "<group>";
		};
		27B772ED2A72605B00C593D9 /* ViewModel */ = {
			isa = PBXGroup;
			children = (
				27B772EB2A72603D00C593D9 /* FilmViewModel.swift */,
			);
			path = ViewModel;
			sourceTree = "<group>";
		};
		27B772F02A7260A500C593D9 /* Model */ = {
			isa = PBXGroup;
			children = (
				27B772EE2A72608A00C593D9 /* NetworkManager.swift */,
				27B772F12A7260BF00C593D9 /* RollModel.swift */,
				27B772F32A7260DB00C593D9 /* RollData.swift */,
			);
			path = Model;
			sourceTree = "<group>";
		};
/* End PBXGroup section */

/* Begin PBXNativeTarget section */
		27B772C82A725EB900C593D9 /* FilmRolls */ = {
			isa = PBXNativeTarget;
			buildConfigurationList = 27B772DD2A725EB900C593D9 /* Build configuration list for PBXNativeTarget "FilmRolls" */;
			buildPhases = (
				27B772C52A725EB900C593D9 /* Sources */,
				27B772C62A725EB900C593D9 /* Frameworks */,
				27B772C72A725EB900C593D9 /* Resources */,
			);
			buildRules = (
			);
			dependencies = (
			);
			name = FilmRolls;
			productName = FilmRolls;
			productReference = 27B772C92A725EB900C593D9 /* FilmRolls.app */;
			productType = "com.apple.product-type.application";
		};
/* End PBXNativeTarget section */

/* Begin PBXProject section */
		27B772C12A725EB900C593D9 /* Project object */ = {
			isa = PBXProject;
			attributes = {
				BuildIndependentTargetsInParallel = 1;
				LastSwiftUpdateCheck = 1420;
				LastUpgradeCheck = 1420;
				TargetAttributes = {
					27B772C82A725EB900C593D9 = {
						CreatedOnToolsVersion = 14.2;
					};
				};
			};
			buildConfigurationList = 27B772C42A725EB900C593D9 /* Build configuration list for PBXProject "FilmRolls" */;
			compatibilityVersion = "Xcode 14.0";
			developmentRegion = en;
			hasScannedForEncodings = 0;
			knownRegions = (
				en,
				Base,
			);
			mainGroup = 27B772C02A725EB900C593D9;
			productRefGroup = 27B772CA2A725EB900C593D9 /* Products */;
			projectDirPath = "";
			projectRoot = "";
			targets = (
				27B772C82A725EB900C593D9 /* FilmRolls */,
			);
		};
/* End PBXProject section */

/* Begin PBXResourcesBuildPhase section */
		27B772C72A725EB900C593D9 /* Resources */ = {
			isa = PBXResourcesBuildPhase;
			buildActionMask = 2147483647;
			files = (
				27B772D92A725EB900C593D9 /* LaunchScreen.storyboard in Resources */,
				27B772F72A72618600C593D9 /* FilmTableViewCell.xib in Resources */,
				27B772F82A72618600C593D9 /* FeatureTableViewCell.xib in Resources */,
				27B772D62A725EB900C593D9 /* Assets.xcassets in Resources */,
				27B772D42A725EB900C593D9 /* Main.storyboard in Resources */,
			);
			runOnlyForDeploymentPostprocessing = 0;
		};
/* End PBXResourcesBuildPhase section */

/* Begin PBXSourcesBuildPhase section */
		27B772C52A725EB900C593D9 /* Sources */ = {
			isa = PBXSourcesBuildPhase;
			buildActionMask = 2147483647;
			files = (
				27B772F42A7260DB00C593D9 /* RollData.swift in Sources */,
				27B772E82A725FF600C593D9 /* FilmTableViewCell.swift in Sources */,
				27B772EF2A72608A00C593D9 /* NetworkManager.swift in Sources */,
				27B772F22A7260BF00C593D9 /* RollModel.swift in Sources */,
				27B772CD2A725EB900C593D9 /* AppDelegate.swift in Sources */,
				27B772EC2A72603D00C593D9 /* FilmViewModel.swift in Sources */,
				27B772E42A725FBA00C593D9 /* RollViewController.swift in Sources */,
				27B772EA2A72601F00C593D9 /* FeatureTableViewCell.swift in Sources */,
				27B772CF2A725EB900C593D9 /* SceneDelegate.swift in Sources */,
				27B772E62A725FD600C593D9 /* FeaturesTableViewController.swift in Sources */,
				27B772E12A725F6900C593D9 /* FilmTableViewController.swift in Sources */,
			);
			runOnlyForDeploymentPostprocessing = 0;
		};
/* End PBXSourcesBuildPhase section */

/* Begin PBXVariantGroup section */
		27B772D22A725EB900C593D9 /* Main.storyboard */ = {
			isa = PBXVariantGroup;
			children = (
				27B772D32A725EB900C593D9 /* Base */,
			);
			name = Main.storyboard;
			sourceTree = "<group>";
		};
		27B772D72A725EB900C593D9 /* LaunchScreen.storyboard */ = {
			isa = PBXVariantGroup;
			children = (
				27B772D82A725EB900C593D9 /* Base */,
			);
			name = LaunchScreen.storyboard;
			sourceTree = "<group>";
		};
/* End PBXVariantGroup section */

/* Begin XCBuildConfiguration section */
		27B772DB2A725EB900C593D9 /* Debug */ = {
			isa = XCBuildConfiguration;
			buildSettings = {
				ALWAYS_SEARCH_USER_PATHS = NO;
				CLANG_ANALYZER_NONNULL = YES;
				CLANG_ANALYZER_NUMBER_OBJECT_CONVERSION = YES_AGGRESSIVE;
				CLANG_CXX_LANGUAGE_STANDARD = "gnu++20";
				CLANG_ENABLE_MODULES = YES;
				CLANG_ENABLE_OBJC_ARC = YES;
				CLANG_ENABLE_OBJC_WEAK = YES;
				CLANG_WARN_BLOCK_CAPTURE_AUTORELEASING = YES;
				CLANG_WARN_BOOL_CONVERSION = YES;
				CLANG_WARN_COMMA = YES;
				CLANG_WARN_CONSTANT_CONVERSION = YES;
				CLANG_WARN_DEPRECATED_OBJC_IMPLEMENTATIONS = YES;
				CLANG_WARN_DIRECT_OBJC_ISA_USAGE = YES_ERROR;
				CLANG_WARN_DOCUMENTATION_COMMENTS = YES;
				CLANG_WARN_EMPTY_BODY = YES;
				CLANG_WARN_ENUM_CONVERSION = YES;
				CLANG_WARN_INFINITE_RECURSION = YES;
				CLANG_WARN_INT_CONVERSION = YES;
				CLANG_WARN_NON_LITERAL_NULL_CONVERSION = YES;
				CLANG_WARN_OBJC_IMPLICIT_RETAIN_SELF = YES;
				CLANG_WARN_OBJC_LITERAL_CONVERSION = YES;
				CLANG_WARN_OBJC_ROOT_CLASS = YES_ERROR;
				CLANG_WARN_QUOTED_INCLUDE_IN_FRAMEWORK_HEADER = YES;
				CLANG_WARN_RANGE_LOOP_ANALYSIS = YES;
				CLANG_WARN_STRICT_PROTOTYPES = YES;
				CLANG_WARN_SUSPICIOUS_MOVE = YES;
				CLANG_WARN_UNGUARDED_AVAILABILITY = YES_AGGRESSIVE;
				CLANG_WARN_UNREACHABLE_CODE = YES;
				CLANG_WARN__DUPLICATE_METHOD_MATCH = YES;
				COPY_PHASE_STRIP = NO;
				DEBUG_INFORMATION_FORMAT = dwarf;
				ENABLE_STRICT_OBJC_MSGSEND = YES;
				ENABLE_TESTABILITY = YES;
				GCC_C_LANGUAGE_STANDARD = gnu11;
				GCC_DYNAMIC_NO_PIC = NO;
				GCC_NO_COMMON_BLOCKS = YES;
				GCC_OPTIMIZATION_LEVEL = 0;
				GCC_PREPROCESSOR_DEFINITIONS = (
					"DEBUG=1",
					"$(inherited)",
				);
				GCC_WARN_64_TO_32_BIT_CONVERSION = YES;
				GCC_WARN_ABOUT_RETURN_TYPE = YES_ERROR;
				GCC_WARN_UNDECLARED_SELECTOR = YES;
				GCC_WARN_UNINITIALIZED_AUTOS = YES_AGGRESSIVE;
				GCC_WARN_UNUSED_FUNCTION = YES;
				GCC_WARN_UNUSED_VARIABLE = YES;
				IPHONEOS_DEPLOYMENT_TARGET = 16.2;
				MTL_ENABLE_DEBUG_INFO = INCLUDE_SOURCE;
				MTL_FAST_MATH = YES;
				ONLY_ACTIVE_ARCH = YES;
				SDKROOT = iphoneos;
				SWIFT_ACTIVE_COMPILATION_CONDITIONS = DEBUG;
				SWIFT_OPTIMIZATION_LEVEL = "-Onone";
			};
			name = Debug;
		};
		27B772DC2A725EB900C593D9 /* Release */ = {
			isa = XCBuildConfiguration;
			buildSettings = {
				ALWAYS_SEARCH_USER_PATHS = NO;
				CLANG_ANALYZER_NONNULL = YES;
				CLANG_ANALYZER_NUMBER_OBJECT_CONVERSION = YES_AGGRESSIVE;
				CLANG_CXX_LANGUAGE_STANDARD = "gnu++20";
				CLANG_ENABLE_MODULES = YES;
				CLANG_ENABLE_OBJC_ARC = YES;
				CLANG_ENABLE_OBJC_WEAK = YES;
				CLANG_WARN_BLOCK_CAPTURE_AUTORELEASING = YES;
				CLANG_WARN_BOOL_CONVERSION = YES;
				CLANG_WARN_COMMA = YES;
				CLANG_WARN_CONSTANT_CONVERSION = YES;
				CLANG_WARN_DEPRECATED_OBJC_IMPLEMENTATIONS = YES;
				CLANG_WARN_DIRECT_OBJC_ISA_USAGE = YES_ERROR;
				CLANG_WARN_DOCUMENTATION_COMMENTS = YES;
				CLANG_WARN_EMPTY_BODY = YES;
				CLANG_WARN_ENUM_CONVERSION = YES;
				CLANG_WARN_INFINITE_RECURSION = YES;
				CLANG_WARN_INT_CONVERSION = YES;
				CLANG_WARN_NON_LITERAL_NULL_CONVERSION = YES;
				CLANG_WARN_OBJC_IMPLICIT_RETAIN_SELF = YES;
				CLANG_WARN_OBJC_LITERAL_CONVERSION = YES;
				CLANG_WARN_OBJC_ROOT_CLASS = YES_ERROR;
				CLANG_WARN_QUOTED_INCLUDE_IN_FRAMEWORK_HEADER = YES;
				CLANG_WARN_RANGE_LOOP_ANALYSIS = YES;
				CLANG_WARN_STRICT_PROTOTYPES = YES;
				CLANG_WARN_SUSPICIOUS_MOVE = YES;
				CLANG_WARN_UNGUARDED_AVAILABILITY = YES_AGGRESSIVE;
				CLANG_WARN_UNREACHABLE_CODE = YES;
				CLANG_WARN__DUPLICATE_METHOD_MATCH = YES;
				COPY_PHASE_STRIP = NO;
				DEBUG_INFORMATION_FORMAT = "dwarf-with-dsym";
				ENABLE_NS_ASSERTIONS = NO;
				ENABLE_STRICT_OBJC_MSGSEND = YES;
				GCC_C_LANGUAGE_STANDARD = gnu11;
				GCC_NO_COMMON_BLOCKS = YES;
				GCC_WARN_64_TO_32_BIT_CONVERSION = YES;
				GCC_WARN_ABOUT_RETURN_TYPE = YES_ERROR;
				GCC_WARN_UNDECLARED_SELECTOR = YES;
				GCC_WARN_UNINITIALIZED_AUTOS = YES_AGGRESSIVE;
				GCC_WARN_UNUSED_FUNCTION = YES;
				GCC_WARN_UNUSED_VARIABLE = YES;
				IPHONEOS_DEPLOYMENT_TARGET = 16.2;
				MTL_ENABLE_DEBUG_INFO = NO;
				MTL_FAST_MATH = YES;
				SDKROOT = iphoneos;
				SWIFT_COMPILATION_MODE = wholemodule;
				SWIFT_OPTIMIZATION_LEVEL = "-O";
				VALIDATE_PRODUCT = YES;
			};
			name = Release;
		};
		27B772DE2A725EB900C593D9 /* Debug */ = {
			isa = XCBuildConfiguration;
			buildSettings = {
				ASSETCATALOG_COMPILER_APPICON_NAME = AppIcon;
				ASSETCATALOG_COMPILER_GLOBAL_ACCENT_COLOR_NAME = AccentColor;
				CODE_SIGN_STYLE = Automatic;
				CURRENT_PROJECT_VERSION = 1;
				DEVELOPMENT_TEAM = US3L8N7KLA;
				GENERATE_INFOPLIST_FILE = YES;
				INFOPLIST_FILE = FilmRolls/Info.plist;
				INFOPLIST_KEY_UIApplicationSupportsIndirectInputEvents = YES;
				INFOPLIST_KEY_UILaunchStoryboardName = LaunchScreen;
				INFOPLIST_KEY_UIMainStoryboardFile = Main;
				INFOPLIST_KEY_UISupportedInterfaceOrientations = UIInterfaceOrientationPortrait;
				INFOPLIST_KEY_UISupportedInterfaceOrientations_iPad = "UIInterfaceOrientationLandscapeLeft UIInterfaceOrientationLandscapeRight UIInterfaceOrientationPortrait UIInterfaceOrientationPortraitUpsideDown";
				IPHONEOS_DEPLOYMENT_TARGET = 16.0;
				LD_RUNPATH_SEARCH_PATHS = (
					"$(inherited)",
					"@executable_path/Frameworks",
				);
				MARKETING_VERSION = 1.0;
				PRODUCT_BUNDLE_IDENTIFIER = com.MikeD.FilmRolls;
				PRODUCT_NAME = "$(TARGET_NAME)";
				SUPPORTED_PLATFORMS = "iphoneos iphonesimulator";
				SUPPORTS_MACCATALYST = NO;
				SUPPORTS_MAC_DESIGNED_FOR_IPHONE_IPAD = NO;
				SWIFT_EMIT_LOC_STRINGS = YES;
				SWIFT_VERSION = 5.0;
				TARGETED_DEVICE_FAMILY = 1;
			};
			name = Debug;
		};
		27B772DF2A725EB900C593D9 /* Release */ = {
			isa = XCBuildConfiguration;
			buildSettings = {
				ASSETCATALOG_COMPILER_APPICON_NAME = AppIcon;
				ASSETCATALOG_COMPILER_GLOBAL_ACCENT_COLOR_NAME = AccentColor;
				CODE_SIGN_STYLE = Automatic;
				CURRENT_PROJECT_VERSION = 1;
				DEVELOPMENT_TEAM = US3L8N7KLA;
				GENERATE_INFOPLIST_FILE = YES;
				INFOPLIST_FILE = FilmRolls/Info.plist;
				INFOPLIST_KEY_UIApplicationSupportsIndirectInputEvents = YES;
				INFOPLIST_KEY_UILaunchStoryboardName = LaunchScreen;
				INFOPLIST_KEY_UIMainStoryboardFile = Main;
				INFOPLIST_KEY_UISupportedInterfaceOrientations = UIInterfaceOrientationPortrait;
				INFOPLIST_KEY_UISupportedInterfaceOrientations_iPad = "UIInterfaceOrientationLandscapeLeft UIInterfaceOrientationLandscapeRight UIInterfaceOrientationPortrait UIInterfaceOrientationPortraitUpsideDown";
				IPHONEOS_DEPLOYMENT_TARGET = 16.0;
				LD_RUNPATH_SEARCH_PATHS = (
					"$(inherited)",
					"@executable_path/Frameworks",
				);
				MARKETING_VERSION = 1.0;
				PRODUCT_BUNDLE_IDENTIFIER = com.MikeD.FilmRolls;
				PRODUCT_NAME = "$(TARGET_NAME)";
				SUPPORTED_PLATFORMS = "iphoneos iphonesimulator";
				SUPPORTS_MACCATALYST = NO;
				SUPPORTS_MAC_DESIGNED_FOR_IPHONE_IPAD = NO;
				SWIFT_EMIT_LOC_STRINGS = YES;
				SWIFT_VERSION = 5.0;
				TARGETED_DEVICE_FAMILY = 1;
			};
			name = Release;
		};
/* End XCBuildConfiguration section */

/* Begin XCConfigurationList section */
		27B772C42A725EB900C593D9 /* Build configuration list for PBXProject "FilmRolls" */ = {
			isa = XCConfigurationList;
			buildConfigurations = (
				27B772DB2A725EB900C593D9 /* Debug */,
				27B772DC2A725EB900C593D9 /* Release */,
			);
			defaultConfigurationIsVisible = 0;
			defaultConfigurationName = Release;
		};
		27B772DD2A725EB900C593D9 /* Build configuration list for PBXNativeTarget "FilmRolls" */ = {
			isa = XCConfigurationList;
			buildConfigurations = (
				27B772DE2A725EB900C593D9 /* Debug */,
				27B772DF2A725EB900C593D9 /* Release */,
			);
			defaultConfigurationIsVisible = 0;
			defaultConfigurationName = Release;
		};
/* End XCConfigurationList section */
	};
	rootObject = 27B772C12A725EB900C593D9 /* Project object */;
}
